
Microsoft Visual Studio Solution File, Format Version 12.00
# Visual Studio 15
VisualStudioVersion = 15.0.28010.2048
MinimumVisualStudioVersion = 10.0.40219.1
Project("{159641D6-6404-4A2A-AE62-294DE0FE8301}") = "ETLing", "ETLing\ETLing.dtproj", "{AA760922-5BBB-4A9B-BD67-ECEDE32BC665}"
EndProject
Global
	GlobalSection(SolutionConfigurationPlatforms) = preSolution
		Development|Default = Development|Default
	EndGlobalSection
	GlobalSection(ProjectConfigurationPlatforms) = postSolution
		{AA760922-5BBB-4A9B-BD67-ECEDE32BC665}.Development|Default.ActiveCfg = Development
		{AA760922-5BBB-4A9B-BD67-ECEDE32BC665}.Development|Default.Build.0 = Development
	EndGlobalSection
	GlobalSection(SolutionProperties) = preSolution
		HideSolutionNode = FALSE
	EndGlobalSection
	GlobalSection(ExtensibilityGlobals) = postSolution
		SolutionGuid = {3810080C-A64D-487A-BB08-C2ED84005322}
	EndGlobalSection
EndGlobal
